
Microsoft Visual Studio Solution File, Format Version 12.00
# Visual Studio Version 17
VisualStudioVersion = 17.5.33516.290
MinimumVisualStudioVersion = 10.0.40219.1
Project("{FAE04EC0-301F-11D3-BF4B-00C04F79EFBC}") = "NodeEditor", "NodeEditor\NodeEditor.csproj", "{E8A909CD-C1D6-496E-93C5-CF94AF7AF32D}"
EndProject
Global
	GlobalSection(SolutionConfigurationPlatforms) = preSolution
		Debug|Any CPU = Debug|Any CPU
		Release|Any CPU = Release|Any CPU
	EndGlobalSection
	GlobalSection(ProjectConfigurationPlatforms) = postSolution
		{E8A909CD-C1D6-496E-93C5-CF94AF7AF32D}.Debug|Any CPU.ActiveCfg = Debug|Any CPU
		{E8A909CD-C1D6-496E-93C5-CF94AF7AF32D}.Debug|Any CPU.Build.0 = Debug|Any CPU
		{E8A909CD-C1D6-496E-93C5-CF94AF7AF32D}.Release|Any CPU.ActiveCfg = Release|Any CPU
		{E8A909CD-C1D6-496E-93C5-CF94AF7AF32D}.Release|Any CPU.Build.0 = Release|Any CPU
	EndGlobalSection
	GlobalSection(SolutionProperties) = preSolution
		HideSolutionNode = FALSE
	EndGlobalSection
	GlobalSection(ExtensibilityGlobals) = postSolution
		SolutionGuid = {F1AF2F7F-60F0-4F81-BA61-FD7A94099EA8}
	EndGlobalSection
EndGlobal
